
Microsoft Visual Studio Solution File, Format Version 12.00
# Visual Studio 15
VisualStudioVersion = 15.0.26124.0
MinimumVisualStudioVersion = 15.0.26124.0
Project("{2150E333-8FDC-42A3-9474-1A3956D46DE8}") = "GroupManagement", "GroupManagement", "{AD19FBA3-D956-4D3E-963A-0670A6167C28}"
EndProject
Project("{2150E333-8FDC-42A3-9474-1A3956D46DE8}") = "Notifications", "Notifications", "{FB719498-2F32-4648-9532-DC2025013EC5}"
EndProject
Project("{2150E333-8FDC-42A3-9474-1A3956D46DE8}") = "Scheduling", "Scheduling", "{1DF717E8-FE4E-4FCD-94B9-2265D697647F}"
EndProject
Project("{2150E333-8FDC-42A3-9474-1A3956D46DE8}") = "UserAccounts", "UserAccounts", "{AA673E9C-4639-4B31-BAB6-3C6D16BACCDA}"
EndProject
Project("{2150E333-8FDC-42A3-9474-1A3956D46DE8}") = "EndToEndTest", "EndToEndTest", "{F425FA2F-759A-4DA1-9C8A-8A85E5FE591D}"
EndProject
Project("{FAE04EC0-301F-11D3-BF4B-00C04F79EFBC}") = "Meetup.EndToEndTest", "Meetup.EndToEndTest\Meetup.EndToEndTest.csproj", "{5F0EE5CD-7390-49DF-B385-9E5DBA272900}"
EndProject
Project("{2150E333-8FDC-42A3-9474-1A3956D46DE8}") = "Queries", "Queries", "{268A1288-FA14-4BC4-ACA8-CFC5120CB578}"
EndProject
Project("{FAE04EC0-301F-11D3-BF4B-00C04F79EFBC}") = "Meetup.Queries", "Meetup.Queries\Meetup.Queries.csproj", "{1A1E113C-9C40-4B22-8582-0C4FF0447D7A}"
EndProject
Project("{FAE04EC0-301F-11D3-BF4B-00C04F79EFBC}") = "Meetup.Scheduling", "scheduling\Meetup.Scheduling\Meetup.Scheduling.csproj", "{E9D8310E-4F9B-47FA-8175-F6AD996B043C}"
EndProject
Project("{FAE04EC0-301F-11D3-BF4B-00C04F79EFBC}") = "Meetup.Scheduling.AsyncProjector", "scheduling\Meetup.Scheduling.AsyncProjector\Meetup.Scheduling.AsyncProjector.csproj", "{F4518F28-B715-42CC-B6AE-586093D29451}"
EndProject
Project("{FAE04EC0-301F-11D3-BF4B-00C04F79EFBC}") = "Meetup.Scheduling.Contracts", "scheduling\Meetup.Scheduling.Contracts\Meetup.Scheduling.Contracts.csproj", "{B1295316-674A-412C-ADF9-631F94A5413A}"
EndProject
Project("{FAE04EC0-301F-11D3-BF4B-00C04F79EFBC}") = "Meetup.Scheduling.IntegrationEventsPublisher", "scheduling\Meetup.Scheduling.IntegrationEventsPublisher\Meetup.Scheduling.IntegrationEventsPublisher.csproj", "{A44166DD-0D2B-49FD-B011-4416BB053994}"
EndProject
Project("{FAE04EC0-301F-11D3-BF4B-00C04F79EFBC}") = "Meetup.Scheduling.ProcessManager", "scheduling\Meetup.Scheduling.ProcessManager\Meetup.Scheduling.ProcessManager.csproj", "{0602BD61-7762-4EAF-B0E0-054A88B19CD7}"
EndProject
Project("{FAE04EC0-301F-11D3-BF4B-00C04F79EFBC}") = "Meetup.Scheduling.Queries", "scheduling\Meetup.Scheduling.Queries\Meetup.Scheduling.Queries.csproj", "{8007D903-6E65-4497-9C88-463D68499428}"
EndProject
Project("{FAE04EC0-301F-11D3-BF4B-00C04F79EFBC}") = "Meetup.Scheduling.Test", "scheduling\Meetup.Scheduling.Test\Meetup.Scheduling.Test.csproj", "{F0ECE9B1-D5D0-492A-B4B5-C43B2606F2D5}"
EndProject
Project("{FAE04EC0-301F-11D3-BF4B-00C04F79EFBC}") = "Meetup.UserProfile", "users\Meetup.UserProfile\Meetup.UserProfile.csproj", "{856F968F-ACD0-425D-87E5-17BF550A4856}"
EndProject
Project("{FAE04EC0-301F-11D3-BF4B-00C04F79EFBC}") = "Meetup.GroupManagement", "group_management\Meetup.GroupManagement\Meetup.GroupManagement.csproj", "{AF6E72E1-F729-4570-88C8-CB7BA65E6C17}"
EndProject
Project("{FAE04EC0-301F-11D3-BF4B-00C04F79EFBC}") = "Meetup.Notifications", "notifications\Meetup.Notifications\Meetup.Notifications.csproj", "{2FE78CB5-64DA-4F86-AAA2-34391F348764}"
EndProject
Project("{FAE04EC0-301F-11D3-BF4B-00C04F79EFBC}") = "Meetup.Notifications.Contracts", "notifications\Meetup.Notifications.Contracts\Meetup.Notifications.Contracts.csproj", "{2DCA4465-2C56-4942-B97A-6DD81E71FBE3}"
EndProject
Project("{FAE04EC0-301F-11D3-BF4B-00C04F79EFBC}") = "Meetup.Notifications.Queries", "notifications\Meetup.Notifications.Queries\Meetup.Notifications.Queries.csproj", "{9523F520-A954-4294-8BB1-9FD61ADE6599}"
EndProject
Global
	GlobalSection(SolutionConfigurationPlatforms) = preSolution
		Debug|Any CPU = Debug|Any CPU
		Debug|x64 = Debug|x64
		Debug|x86 = Debug|x86
		Release|Any CPU = Release|Any CPU
		Release|x64 = Release|x64
		Release|x86 = Release|x86
	EndGlobalSection
	GlobalSection(SolutionProperties) = preSolution
		HideSolutionNode = FALSE
	EndGlobalSection
	GlobalSection(ProjectConfigurationPlatforms) = postSolution
		{5F0EE5CD-7390-49DF-B385-9E5DBA272900}.Debug|Any CPU.ActiveCfg = Debug|Any CPU
		{5F0EE5CD-7390-49DF-B385-9E5DBA272900}.Debug|Any CPU.Build.0 = Debug|Any CPU
		{5F0EE5CD-7390-49DF-B385-9E5DBA272900}.Debug|x64.ActiveCfg = Debug|Any CPU
		{5F0EE5CD-7390-49DF-B385-9E5DBA272900}.Debug|x64.Build.0 = Debug|Any CPU
		{5F0EE5CD-7390-49DF-B385-9E5DBA272900}.Debug|x86.ActiveCfg = Debug|Any CPU
		{5F0EE5CD-7390-49DF-B385-9E5DBA272900}.Debug|x86.Build.0 = Debug|Any CPU
		{5F0EE5CD-7390-49DF-B385-9E5DBA272900}.Release|Any CPU.ActiveCfg = Release|Any CPU
		{5F0EE5CD-7390-49DF-B385-9E5DBA272900}.Release|Any CPU.Build.0 = Release|Any CPU
		{5F0EE5CD-7390-49DF-B385-9E5DBA272900}.Release|x64.ActiveCfg = Release|Any CPU
		{5F0EE5CD-7390-49DF-B385-9E5DBA272900}.Release|x64.Build.0 = Release|Any CPU
		{5F0EE5CD-7390-49DF-B385-9E5DBA272900}.Release|x86.ActiveCfg = Release|Any CPU
		{5F0EE5CD-7390-49DF-B385-9E5DBA272900}.Release|x86.Build.0 = Release|Any CPU
		{1A1E113C-9C40-4B22-8582-0C4FF0447D7A}.Debug|Any CPU.ActiveCfg = Debug|Any CPU
		{1A1E113C-9C40-4B22-8582-0C4FF0447D7A}.Debug|Any CPU.Build.0 = Debug|Any CPU
		{1A1E113C-9C40-4B22-8582-0C4FF0447D7A}.Debug|x64.ActiveCfg = Debug|Any CPU
		{1A1E113C-9C40-4B22-8582-0C4FF0447D7A}.Debug|x64.Build.0 = Debug|Any CPU
		{1A1E113C-9C40-4B22-8582-0C4FF0447D7A}.Debug|x86.ActiveCfg = Debug|Any CPU
		{1A1E113C-9C40-4B22-8582-0C4FF0447D7A}.Debug|x86.Build.0 = Debug|Any CPU
		{1A1E113C-9C40-4B22-8582-0C4FF0447D7A}.Release|Any CPU.ActiveCfg = Release|Any CPU
		{1A1E113C-9C40-4B22-8582-0C4FF0447D7A}.Release|Any CPU.Build.0 = Release|Any CPU
		{1A1E113C-9C40-4B22-8582-0C4FF0447D7A}.Release|x64.ActiveCfg = Release|Any CPU
		{1A1E113C-9C40-4B22-8582-0C4FF0447D7A}.Release|x64.Build.0 = Release|Any CPU
		{1A1E113C-9C40-4B22-8582-0C4FF0447D7A}.Release|x86.ActiveCfg = Release|Any CPU
		{1A1E113C-9C40-4B22-8582-0C4FF0447D7A}.Release|x86.Build.0 = Release|Any CPU
		{E9D8310E-4F9B-47FA-8175-F6AD996B043C}.Debug|Any CPU.ActiveCfg = Debug|Any CPU
		{E9D8310E-4F9B-47FA-8175-F6AD996B043C}.Debug|Any CPU.Build.0 = Debug|Any CPU
		{E9D8310E-4F9B-47FA-8175-F6AD996B043C}.Debug|x64.ActiveCfg = Debug|Any CPU
		{E9D8310E-4F9B-47FA-8175-F6AD996B043C}.Debug|x64.Build.0 = Debug|Any CPU
		{E9D8310E-4F9B-47FA-8175-F6AD996B043C}.Debug|x86.ActiveCfg = Debug|Any CPU
		{E9D8310E-4F9B-47FA-8175-F6AD996B043C}.Debug|x86.Build.0 = Debug|Any CPU
		{E9D8310E-4F9B-47FA-8175-F6AD996B043C}.Release|Any CPU.ActiveCfg = Release|Any CPU
		{E9D8310E-4F9B-47FA-8175-F6AD996B043C}.Release|Any CPU.Build.0 = Release|Any CPU
		{E9D8310E-4F9B-47FA-8175-F6AD996B043C}.Release|x64.ActiveCfg = Release|Any CPU
		{E9D8310E-4F9B-47FA-8175-F6AD996B043C}.Release|x64.Build.0 = Release|Any CPU
		{E9D8310E-4F9B-47FA-8175-F6AD996B043C}.Release|x86.ActiveCfg = Release|Any CPU
		{E9D8310E-4F9B-47FA-8175-F6AD996B043C}.Release|x86.Build.0 = Release|Any CPU
		{F4518F28-B715-42CC-B6AE-586093D29451}.Debug|Any CPU.ActiveCfg = Debug|Any CPU
		{F4518F28-B715-42CC-B6AE-586093D29451}.Debug|Any CPU.Build.0 = Debug|Any CPU
		{F4518F28-B715-42CC-B6AE-586093D29451}.Debug|x64.ActiveCfg = Debug|Any CPU
		{F4518F28-B715-42CC-B6AE-586093D29451}.Debug|x64.Build.0 = Debug|Any CPU
		{F4518F28-B715-42CC-B6AE-586093D29451}.Debug|x86.ActiveCfg = Debug|Any CPU
		{F4518F28-B715-42CC-B6AE-586093D29451}.Debug|x86.Build.0 = Debug|Any CPU
		{F4518F28-B715-42CC-B6AE-586093D29451}.Release|Any CPU.ActiveCfg = Release|Any CPU
		{F4518F28-B715-42CC-B6AE-586093D29451}.Release|Any CPU.Build.0 = Release|Any CPU
		{F4518F28-B715-42CC-B6AE-586093D29451}.Release|x64.ActiveCfg = Release|Any CPU
		{F4518F28-B715-42CC-B6AE-586093D29451}.Release|x64.Build.0 = Release|Any CPU
		{F4518F28-B715-42CC-B6AE-586093D29451}.Release|x86.ActiveCfg = Release|Any CPU
		{F4518F28-B715-42CC-B6AE-586093D29451}.Release|x86.Build.0 = Release|Any CPU
		{B1295316-674A-412C-ADF9-631F94A5413A}.Debug|Any CPU.ActiveCfg = Debug|Any CPU
		{B1295316-674A-412C-ADF9-631F94A5413A}.Debug|Any CPU.Build.0 = Debug|Any CPU
		{B1295316-674A-412C-ADF9-631F94A5413A}.Debug|x64.ActiveCfg = Debug|Any CPU
		{B1295316-674A-412C-ADF9-631F94A5413A}.Debug|x64.Build.0 = Debug|Any CPU
		{B1295316-674A-412C-ADF9-631F94A5413A}.Debug|x86.ActiveCfg = Debug|Any CPU
		{B1295316-674A-412C-ADF9-631F94A5413A}.Debug|x86.Build.0 = Debug|Any CPU
		{B1295316-674A-412C-ADF9-631F94A5413A}.Release|Any CPU.ActiveCfg = Release|Any CPU
		{B1295316-674A-412C-ADF9-631F94A5413A}.Release|Any CPU.Build.0 = Release|Any CPU
		{B1295316-674A-412C-ADF9-631F94A5413A}.Release|x64.ActiveCfg = Release|Any CPU
		{B1295316-674A-412C-ADF9-631F94A5413A}.Release|x64.Build.0 = Release|Any CPU
		{B1295316-674A-412C-ADF9-631F94A5413A}.Release|x86.ActiveCfg = Release|Any CPU
		{B1295316-674A-412C-ADF9-631F94A5413A}.Release|x86.Build.0 = Release|Any CPU
		{A44166DD-0D2B-49FD-B011-4416BB053994}.Debug|Any CPU.ActiveCfg = Debug|Any CPU
		{A44166DD-0D2B-49FD-B011-4416BB053994}.Debug|Any CPU.Build.0 = Debug|Any CPU
		{A44166DD-0D2B-49FD-B011-4416BB053994}.Debug|x64.ActiveCfg = Debug|Any CPU
		{A44166DD-0D2B-49FD-B011-4416BB053994}.Debug|x64.Build.0 = Debug|Any CPU
		{A44166DD-0D2B-49FD-B011-4416BB053994}.Debug|x86.ActiveCfg = Debug|Any CPU
		{A44166DD-0D2B-49FD-B011-4416BB053994}.Debug|x86.Build.0 = Debug|Any CPU
		{A44166DD-0D2B-49FD-B011-4416BB053994}.Release|Any CPU.ActiveCfg = Release|Any CPU
		{A44166DD-0D2B-49FD-B011-4416BB053994}.Release|Any CPU.Build.0 = Release|Any CPU
		{A44166DD-0D2B-49FD-B011-4416BB053994}.Release|x64.ActiveCfg = Release|Any CPU
		{A44166DD-0D2B-49FD-B011-4416BB053994}.Release|x64.Build.0 = Release|Any CPU
		{A44166DD-0D2B-49FD-B011-4416BB053994}.Release|x86.ActiveCfg = Release|Any CPU
		{A44166DD-0D2B-49FD-B011-4416BB053994}.Release|x86.Build.0 = Release|Any CPU
		{0602BD61-7762-4EAF-B0E0-054A88B19CD7}.Debug|Any CPU.ActiveCfg = Debug|Any CPU
		{0602BD61-7762-4EAF-B0E0-054A88B19CD7}.Debug|Any CPU.Build.0 = Debug|Any CPU
		{0602BD61-7762-4EAF-B0E0-054A88B19CD7}.Debug|x64.ActiveCfg = Debug|Any CPU
		{0602BD61-7762-4EAF-B0E0-054A88B19CD7}.Debug|x64.Build.0 = Debug|Any CPU
		{0602BD61-7762-4EAF-B0E0-054A88B19CD7}.Debug|x86.ActiveCfg = Debug|Any CPU
		{0602BD61-7762-4EAF-B0E0-054A88B19CD7}.Debug|x86.Build.0 = Debug|Any CPU
		{0602BD61-7762-4EAF-B0E0-054A88B19CD7}.Release|Any CPU.ActiveCfg = Release|Any CPU
		{0602BD61-7762-4EAF-B0E0-054A88B19CD7}.Release|Any CPU.Build.0 = Release|Any CPU
		{0602BD61-7762-4EAF-B0E0-054A88B19CD7}.Release|x64.ActiveCfg = Release|Any CPU
		{0602BD61-7762-4EAF-B0E0-054A88B19CD7}.Release|x64.Build.0 = Release|Any CPU
		{0602BD61-7762-4EAF-B0E0-054A88B19CD7}.Release|x86.ActiveCfg = Release|Any CPU
		{0602BD61-7762-4EAF-B0E0-054A88B19CD7}.Release|x86.Build.0 = Release|Any CPU
		{8007D903-6E65-4497-9C88-463D68499428}.Debug|Any CPU.ActiveCfg = Debug|Any CPU
		{8007D903-6E65-4497-9C88-463D68499428}.Debug|Any CPU.Build.0 = Debug|Any CPU
		{8007D903-6E65-4497-9C88-463D68499428}.Debug|x64.ActiveCfg = Debug|Any CPU
		{8007D903-6E65-4497-9C88-463D68499428}.Debug|x64.Build.0 = Debug|Any CPU
		{8007D903-6E65-4497-9C88-463D68499428}.Debug|x86.ActiveCfg = Debug|Any CPU
		{8007D903-6E65-4497-9C88-463D68499428}.Debug|x86.Build.0 = Debug|Any CPU
		{8007D903-6E65-4497-9C88-463D68499428}.Release|Any CPU.ActiveCfg = Release|Any CPU
		{8007D903-6E65-4497-9C88-463D68499428}.Release|Any CPU.Build.0 = Release|Any CPU
		{8007D903-6E65-4497-9C88-463D68499428}.Release|x64.ActiveCfg = Release|Any CPU
		{8007D903-6E65-4497-9C88-463D68499428}.Release|x64.Build.0 = Release|Any CPU
		{8007D903-6E65-4497-9C88-463D68499428}.Release|x86.ActiveCfg = Release|Any CPU
		{8007D903-6E65-4497-9C88-463D68499428}.Release|x86.Build.0 = Release|Any CPU
		{F0ECE9B1-D5D0-492A-B4B5-C43B2606F2D5}.Debug|Any CPU.ActiveCfg = Debug|Any CPU
		{F0ECE9B1-D5D0-492A-B4B5-C43B2606F2D5}.Debug|Any CPU.Build.0 = Debug|Any CPU
		{F0ECE9B1-D5D0-492A-B4B5-C43B2606F2D5}.Debug|x64.ActiveCfg = Debug|Any CPU
		{F0ECE9B1-D5D0-492A-B4B5-C43B2606F2D5}.Debug|x64.Build.0 = Debug|Any CPU
		{F0ECE9B1-D5D0-492A-B4B5-C43B2606F2D5}.Debug|x86.ActiveCfg = Debug|Any CPU
		{F0ECE9B1-D5D0-492A-B4B5-C43B2606F2D5}.Debug|x86.Build.0 = Debug|Any CPU
		{F0ECE9B1-D5D0-492A-B4B5-C43B2606F2D5}.Release|Any CPU.ActiveCfg = Release|Any CPU
		{F0ECE9B1-D5D0-492A-B4B5-C43B2606F2D5}.Release|Any CPU.Build.0 = Release|Any CPU
		{F0ECE9B1-D5D0-492A-B4B5-C43B2606F2D5}.Release|x64.ActiveCfg = Release|Any CPU
		{F0ECE9B1-D5D0-492A-B4B5-C43B2606F2D5}.Release|x64.Build.0 = Release|Any CPU
		{F0ECE9B1-D5D0-492A-B4B5-C43B2606F2D5}.Release|x86.ActiveCfg = Release|Any CPU
		{F0ECE9B1-D5D0-492A-B4B5-C43B2606F2D5}.Release|x86.Build.0 = Release|Any CPU
		{856F968F-ACD0-425D-87E5-17BF550A4856}.Debug|Any CPU.ActiveCfg = Debug|Any CPU
		{856F968F-ACD0-425D-87E5-17BF550A4856}.Debug|Any CPU.Build.0 = Debug|Any CPU
		{856F968F-ACD0-425D-87E5-17BF550A4856}.Debug|x64.ActiveCfg = Debug|Any CPU
		{856F968F-ACD0-425D-87E5-17BF550A4856}.Debug|x64.Build.0 = Debug|Any CPU
		{856F968F-ACD0-425D-87E5-17BF550A4856}.Debug|x86.ActiveCfg = Debug|Any CPU
		{856F968F-ACD0-425D-87E5-17BF550A4856}.Debug|x86.Build.0 = Debug|Any CPU
		{856F968F-ACD0-425D-87E5-17BF550A4856}.Release|Any CPU.ActiveCfg = Release|Any CPU
		{856F968F-ACD0-425D-87E5-17BF550A4856}.Release|Any CPU.Build.0 = Release|Any CPU
		{856F968F-ACD0-425D-87E5-17BF550A4856}.Release|x64.ActiveCfg = Release|Any CPU
		{856F968F-ACD0-425D-87E5-17BF550A4856}.Release|x64.Build.0 = Release|Any CPU
		{856F968F-ACD0-425D-87E5-17BF550A4856}.Release|x86.ActiveCfg = Release|Any CPU
		{856F968F-ACD0-425D-87E5-17BF550A4856}.Release|x86.Build.0 = Release|Any CPU
		{AF6E72E1-F729-4570-88C8-CB7BA65E6C17}.Debug|Any CPU.ActiveCfg = Debug|Any CPU
		{AF6E72E1-F729-4570-88C8-CB7BA65E6C17}.Debug|Any CPU.Build.0 = Debug|Any CPU
		{AF6E72E1-F729-4570-88C8-CB7BA65E6C17}.Debug|x64.ActiveCfg = Debug|Any CPU
		{AF6E72E1-F729-4570-88C8-CB7BA65E6C17}.Debug|x64.Build.0 = Debug|Any CPU
		{AF6E72E1-F729-4570-88C8-CB7BA65E6C17}.Debug|x86.ActiveCfg = Debug|Any CPU
		{AF6E72E1-F729-4570-88C8-CB7BA65E6C17}.Debug|x86.Build.0 = Debug|Any CPU
		{AF6E72E1-F729-4570-88C8-CB7BA65E6C17}.Release|Any CPU.ActiveCfg = Release|Any CPU
		{AF6E72E1-F729-4570-88C8-CB7BA65E6C17}.Release|Any CPU.Build.0 = Release|Any CPU
		{AF6E72E1-F729-4570-88C8-CB7BA65E6C17}.Release|x64.ActiveCfg = Release|Any CPU
		{AF6E72E1-F729-4570-88C8-CB7BA65E6C17}.Release|x64.Build.0 = Release|Any CPU
		{AF6E72E1-F729-4570-88C8-CB7BA65E6C17}.Release|x86.ActiveCfg = Release|Any CPU
		{AF6E72E1-F729-4570-88C8-CB7BA65E6C17}.Release|x86.Build.0 = Release|Any CPU
		{2FE78CB5-64DA-4F86-AAA2-34391F348764}.Debug|Any CPU.ActiveCfg = Debug|Any CPU
		{2FE78CB5-64DA-4F86-AAA2-34391F348764}.Debug|Any CPU.Build.0 = Debug|Any CPU
		{2FE78CB5-64DA-4F86-AAA2-34391F348764}.Debug|x64.ActiveCfg = Debug|Any CPU
		{2FE78CB5-64DA-4F86-AAA2-34391F348764}.Debug|x64.Build.0 = Debug|Any CPU
		{2FE78CB5-64DA-4F86-AAA2-34391F348764}.Debug|x86.ActiveCfg = Debug|Any CPU
		{2FE78CB5-64DA-4F86-AAA2-34391F348764}.Debug|x86.Build.0 = Debug|Any CPU
		{2FE78CB5-64DA-4F86-AAA2-34391F348764}.Release|Any CPU.ActiveCfg = Release|Any CPU
		{2FE78CB5-64DA-4F86-AAA2-34391F348764}.Release|Any CPU.Build.0 = Release|Any CPU
		{2FE78CB5-64DA-4F86-AAA2-34391F348764}.Release|x64.ActiveCfg = Release|Any CPU
		{2FE78CB5-64DA-4F86-AAA2-34391F348764}.Release|x64.Build.0 = Release|Any CPU
		{2FE78CB5-64DA-4F86-AAA2-34391F348764}.Release|x86.ActiveCfg = Release|Any CPU
		{2FE78CB5-64DA-4F86-AAA2-34391F348764}.Release|x86.Build.0 = Release|Any CPU
		{2DCA4465-2C56-4942-B97A-6DD81E71FBE3}.Debug|Any CPU.ActiveCfg = Debug|Any CPU
		{2DCA4465-2C56-4942-B97A-6DD81E71FBE3}.Debug|Any CPU.Build.0 = Debug|Any CPU
		{2DCA4465-2C56-4942-B97A-6DD81E71FBE3}.Debug|x64.ActiveCfg = Debug|Any CPU
		{2DCA4465-2C56-4942-B97A-6DD81E71FBE3}.Debug|x64.Build.0 = Debug|Any CPU
		{2DCA4465-2C56-4942-B97A-6DD81E71FBE3}.Debug|x86.ActiveCfg = Debug|Any CPU
		{2DCA4465-2C56-4942-B97A-6DD81E71FBE3}.Debug|x86.Build.0 = Debug|Any CPU
		{2DCA4465-2C56-4942-B97A-6DD81E71FBE3}.Release|Any CPU.ActiveCfg = Release|Any CPU
		{2DCA4465-2C56-4942-B97A-6DD81E71FBE3}.Release|Any CPU.Build.0 = Release|Any CPU
		{2DCA4465-2C56-4942-B97A-6DD81E71FBE3}.Release|x64.ActiveCfg = Release|Any CPU
		{2DCA4465-2C56-4942-B97A-6DD81E71FBE3}.Release|x64.Build.0 = Release|Any CPU
		{2DCA4465-2C56-4942-B97A-6DD81E71FBE3}.Release|x86.ActiveCfg = Release|Any CPU
		{2DCA4465-2C56-4942-B97A-6DD81E71FBE3}.Release|x86.Build.0 = Release|Any CPU
		{9523F520-A954-4294-8BB1-9FD61ADE6599}.Debug|Any CPU.ActiveCfg = Debug|Any CPU
		{9523F520-A954-4294-8BB1-9FD61ADE6599}.Debug|Any CPU.Build.0 = Debug|Any CPU
		{9523F520-A954-4294-8BB1-9FD61ADE6599}.Debug|x64.ActiveCfg = Debug|Any CPU
		{9523F520-A954-4294-8BB1-9FD61ADE6599}.Debug|x64.Build.0 = Debug|Any CPU
		{9523F520-A954-4294-8BB1-9FD61ADE6599}.Debug|x86.ActiveCfg = Debug|Any CPU
		{9523F520-A954-4294-8BB1-9FD61ADE6599}.Debug|x86.Build.0 = Debug|Any CPU
		{9523F520-A954-4294-8BB1-9FD61ADE6599}.Release|Any CPU.ActiveCfg = Release|Any CPU
		{9523F520-A954-4294-8BB1-9FD61ADE6599}.Release|Any CPU.Build.0 = Release|Any CPU
		{9523F520-A954-4294-8BB1-9FD61ADE6599}.Release|x64.ActiveCfg = Release|Any CPU
		{9523F520-A954-4294-8BB1-9FD61ADE6599}.Release|x64.Build.0 = Release|Any CPU
		{9523F520-A954-4294-8BB1-9FD61ADE6599}.Release|x86.ActiveCfg = Release|Any CPU
		{9523F520-A954-4294-8BB1-9FD61ADE6599}.Release|x86.Build.0 = Release|Any CPU
	EndGlobalSection
	GlobalSection(NestedProjects) = preSolution
		{5F0EE5CD-7390-49DF-B385-9E5DBA272900} = {F425FA2F-759A-4DA1-9C8A-8A85E5FE591D}
		{1A1E113C-9C40-4B22-8582-0C4FF0447D7A} = {268A1288-FA14-4BC4-ACA8-CFC5120CB578}
		{E9D8310E-4F9B-47FA-8175-F6AD996B043C} = {1DF717E8-FE4E-4FCD-94B9-2265D697647F}
		{F4518F28-B715-42CC-B6AE-586093D29451} = {1DF717E8-FE4E-4FCD-94B9-2265D697647F}
		{B1295316-674A-412C-ADF9-631F94A5413A} = {1DF717E8-FE4E-4FCD-94B9-2265D697647F}
		{A44166DD-0D2B-49FD-B011-4416BB053994} = {1DF717E8-FE4E-4FCD-94B9-2265D697647F}
		{0602BD61-7762-4EAF-B0E0-054A88B19CD7} = {1DF717E8-FE4E-4FCD-94B9-2265D697647F}
		{8007D903-6E65-4497-9C88-463D68499428} = {1DF717E8-FE4E-4FCD-94B9-2265D697647F}
		{F0ECE9B1-D5D0-492A-B4B5-C43B2606F2D5} = {1DF717E8-FE4E-4FCD-94B9-2265D697647F}
		{856F968F-ACD0-425D-87E5-17BF550A4856} = {AA673E9C-4639-4B31-BAB6-3C6D16BACCDA}
		{AF6E72E1-F729-4570-88C8-CB7BA65E6C17} = {AD19FBA3-D956-4D3E-963A-0670A6167C28}
		{2FE78CB5-64DA-4F86-AAA2-34391F348764} = {FB719498-2F32-4648-9532-DC2025013EC5}
		{2DCA4465-2C56-4942-B97A-6DD81E71FBE3} = {FB719498-2F32-4648-9532-DC2025013EC5}
		{9523F520-A954-4294-8BB1-9FD61ADE6599} = {FB719498-2F32-4648-9532-DC2025013EC5}
	EndGlobalSection
EndGlobal
