
Microsoft Visual Studio Solution File, Format Version 12.00
# Visual Studio 15
VisualStudioVersion = 15.0.26124.0
MinimumVisualStudioVersion = 15.0.26124.0
Project("{FAE04EC0-301F-11D3-BF4B-00C04F79EFBC}") = "Meetup.Scheduling", "Meetup.Scheduling\Meetup.Scheduling.csproj", "{45CEC4E3-0F12-4160-8CC7-0854CC4D17DF}"
EndProject
Project("{FAE04EC0-301F-11D3-BF4B-00C04F79EFBC}") = "Meetup.Scheduling.Test", "Meetup.Scheduling.Test\Meetup.Scheduling.Test.csproj", "{50653703-77DC-4A32-B3A3-75037C014D70}"
EndProject
Project("{FAE04EC0-301F-11D3-BF4B-00C04F79EFBC}") = "Meetup.GroupManagement", "Meetup.GroupManagement\Meetup.GroupManagement.csproj", "{AA07E64F-8C21-423F-AEF2-821CDEA4CD5B}"
EndProject
Project("{2150E333-8FDC-42A3-9474-1A3956D46DE8}") = "GroupManagement", "GroupManagement", "{AD19FBA3-D956-4D3E-963A-0670A6167C28}"
EndProject
Project("{2150E333-8FDC-42A3-9474-1A3956D46DE8}") = "Notifications", "Notifications", "{FB719498-2F32-4648-9532-DC2025013EC5}"
EndProject
Project("{2150E333-8FDC-42A3-9474-1A3956D46DE8}") = "Scheduling", "Scheduling", "{1DF717E8-FE4E-4FCD-94B9-2265D697647F}"
EndProject
Project("{2150E333-8FDC-42A3-9474-1A3956D46DE8}") = "UserAccounts", "UserAccounts", "{AA673E9C-4639-4B31-BAB6-3C6D16BACCDA}"
EndProject
Project("{FAE04EC0-301F-11D3-BF4B-00C04F79EFBC}") = "Meetup.Notifications", "Meetup.Notifications\Meetup.Notifications.csproj", "{1CC702D5-708F-4F5B-81B6-BEE41684A9C6}"
EndProject
Project("{FAE04EC0-301F-11D3-BF4B-00C04F79EFBC}") = "Meetup.UserProfile", "Meetup.UserProfile\Meetup.UserProfile.csproj", "{7BC31AB5-4398-4DB0-9736-418AF22833F4}"
EndProject
Global
	GlobalSection(SolutionConfigurationPlatforms) = preSolution
		Debug|Any CPU = Debug|Any CPU
		Debug|x64 = Debug|x64
		Debug|x86 = Debug|x86
		Release|Any CPU = Release|Any CPU
		Release|x64 = Release|x64
		Release|x86 = Release|x86
	EndGlobalSection
	GlobalSection(SolutionProperties) = preSolution
		HideSolutionNode = FALSE
	EndGlobalSection
	GlobalSection(ProjectConfigurationPlatforms) = postSolution
		{45CEC4E3-0F12-4160-8CC7-0854CC4D17DF}.Debug|Any CPU.ActiveCfg = Debug|Any CPU
		{45CEC4E3-0F12-4160-8CC7-0854CC4D17DF}.Debug|Any CPU.Build.0 = Debug|Any CPU
		{45CEC4E3-0F12-4160-8CC7-0854CC4D17DF}.Debug|x64.ActiveCfg = Debug|Any CPU
		{45CEC4E3-0F12-4160-8CC7-0854CC4D17DF}.Debug|x64.Build.0 = Debug|Any CPU
		{45CEC4E3-0F12-4160-8CC7-0854CC4D17DF}.Debug|x86.ActiveCfg = Debug|Any CPU
		{45CEC4E3-0F12-4160-8CC7-0854CC4D17DF}.Debug|x86.Build.0 = Debug|Any CPU
		{45CEC4E3-0F12-4160-8CC7-0854CC4D17DF}.Release|Any CPU.ActiveCfg = Release|Any CPU
		{45CEC4E3-0F12-4160-8CC7-0854CC4D17DF}.Release|Any CPU.Build.0 = Release|Any CPU
		{45CEC4E3-0F12-4160-8CC7-0854CC4D17DF}.Release|x64.ActiveCfg = Release|Any CPU
		{45CEC4E3-0F12-4160-8CC7-0854CC4D17DF}.Release|x64.Build.0 = Release|Any CPU
		{45CEC4E3-0F12-4160-8CC7-0854CC4D17DF}.Release|x86.ActiveCfg = Release|Any CPU
		{45CEC4E3-0F12-4160-8CC7-0854CC4D17DF}.Release|x86.Build.0 = Release|Any CPU
		{50653703-77DC-4A32-B3A3-75037C014D70}.Debug|Any CPU.ActiveCfg = Debug|Any CPU
		{50653703-77DC-4A32-B3A3-75037C014D70}.Debug|Any CPU.Build.0 = Debug|Any CPU
		{50653703-77DC-4A32-B3A3-75037C014D70}.Debug|x64.ActiveCfg = Debug|Any CPU
		{50653703-77DC-4A32-B3A3-75037C014D70}.Debug|x64.Build.0 = Debug|Any CPU
		{50653703-77DC-4A32-B3A3-75037C014D70}.Debug|x86.ActiveCfg = Debug|Any CPU
		{50653703-77DC-4A32-B3A3-75037C014D70}.Debug|x86.Build.0 = Debug|Any CPU
		{50653703-77DC-4A32-B3A3-75037C014D70}.Release|Any CPU.ActiveCfg = Release|Any CPU
		{50653703-77DC-4A32-B3A3-75037C014D70}.Release|Any CPU.Build.0 = Release|Any CPU
		{50653703-77DC-4A32-B3A3-75037C014D70}.Release|x64.ActiveCfg = Release|Any CPU
		{50653703-77DC-4A32-B3A3-75037C014D70}.Release|x64.Build.0 = Release|Any CPU
		{50653703-77DC-4A32-B3A3-75037C014D70}.Release|x86.ActiveCfg = Release|Any CPU
		{50653703-77DC-4A32-B3A3-75037C014D70}.Release|x86.Build.0 = Release|Any CPU
		{AA07E64F-8C21-423F-AEF2-821CDEA4CD5B}.Debug|Any CPU.ActiveCfg = Debug|Any CPU
		{AA07E64F-8C21-423F-AEF2-821CDEA4CD5B}.Debug|Any CPU.Build.0 = Debug|Any CPU
		{AA07E64F-8C21-423F-AEF2-821CDEA4CD5B}.Debug|x64.ActiveCfg = Debug|Any CPU
		{AA07E64F-8C21-423F-AEF2-821CDEA4CD5B}.Debug|x64.Build.0 = Debug|Any CPU
		{AA07E64F-8C21-423F-AEF2-821CDEA4CD5B}.Debug|x86.ActiveCfg = Debug|Any CPU
		{AA07E64F-8C21-423F-AEF2-821CDEA4CD5B}.Debug|x86.Build.0 = Debug|Any CPU
		{AA07E64F-8C21-423F-AEF2-821CDEA4CD5B}.Release|Any CPU.ActiveCfg = Release|Any CPU
		{AA07E64F-8C21-423F-AEF2-821CDEA4CD5B}.Release|Any CPU.Build.0 = Release|Any CPU
		{AA07E64F-8C21-423F-AEF2-821CDEA4CD5B}.Release|x64.ActiveCfg = Release|Any CPU
		{AA07E64F-8C21-423F-AEF2-821CDEA4CD5B}.Release|x64.Build.0 = Release|Any CPU
		{AA07E64F-8C21-423F-AEF2-821CDEA4CD5B}.Release|x86.ActiveCfg = Release|Any CPU
		{AA07E64F-8C21-423F-AEF2-821CDEA4CD5B}.Release|x86.Build.0 = Release|Any CPU
		{1CC702D5-708F-4F5B-81B6-BEE41684A9C6}.Debug|Any CPU.ActiveCfg = Debug|Any CPU
		{1CC702D5-708F-4F5B-81B6-BEE41684A9C6}.Debug|Any CPU.Build.0 = Debug|Any CPU
		{1CC702D5-708F-4F5B-81B6-BEE41684A9C6}.Debug|x64.ActiveCfg = Debug|Any CPU
		{1CC702D5-708F-4F5B-81B6-BEE41684A9C6}.Debug|x64.Build.0 = Debug|Any CPU
		{1CC702D5-708F-4F5B-81B6-BEE41684A9C6}.Debug|x86.ActiveCfg = Debug|Any CPU
		{1CC702D5-708F-4F5B-81B6-BEE41684A9C6}.Debug|x86.Build.0 = Debug|Any CPU
		{1CC702D5-708F-4F5B-81B6-BEE41684A9C6}.Release|Any CPU.ActiveCfg = Release|Any CPU
		{1CC702D5-708F-4F5B-81B6-BEE41684A9C6}.Release|Any CPU.Build.0 = Release|Any CPU
		{1CC702D5-708F-4F5B-81B6-BEE41684A9C6}.Release|x64.ActiveCfg = Release|Any CPU
		{1CC702D5-708F-4F5B-81B6-BEE41684A9C6}.Release|x64.Build.0 = Release|Any CPU
		{1CC702D5-708F-4F5B-81B6-BEE41684A9C6}.Release|x86.ActiveCfg = Release|Any CPU
		{1CC702D5-708F-4F5B-81B6-BEE41684A9C6}.Release|x86.Build.0 = Release|Any CPU
		{7BC31AB5-4398-4DB0-9736-418AF22833F4}.Debug|Any CPU.ActiveCfg = Debug|Any CPU
		{7BC31AB5-4398-4DB0-9736-418AF22833F4}.Debug|Any CPU.Build.0 = Debug|Any CPU
		{7BC31AB5-4398-4DB0-9736-418AF22833F4}.Debug|x64.ActiveCfg = Debug|Any CPU
		{7BC31AB5-4398-4DB0-9736-418AF22833F4}.Debug|x64.Build.0 = Debug|Any CPU
		{7BC31AB5-4398-4DB0-9736-418AF22833F4}.Debug|x86.ActiveCfg = Debug|Any CPU
		{7BC31AB5-4398-4DB0-9736-418AF22833F4}.Debug|x86.Build.0 = Debug|Any CPU
		{7BC31AB5-4398-4DB0-9736-418AF22833F4}.Release|Any CPU.ActiveCfg = Release|Any CPU
		{7BC31AB5-4398-4DB0-9736-418AF22833F4}.Release|Any CPU.Build.0 = Release|Any CPU
		{7BC31AB5-4398-4DB0-9736-418AF22833F4}.Release|x64.ActiveCfg = Release|Any CPU
		{7BC31AB5-4398-4DB0-9736-418AF22833F4}.Release|x64.Build.0 = Release|Any CPU
		{7BC31AB5-4398-4DB0-9736-418AF22833F4}.Release|x86.ActiveCfg = Release|Any CPU
		{7BC31AB5-4398-4DB0-9736-418AF22833F4}.Release|x86.Build.0 = Release|Any CPU
	EndGlobalSection
	GlobalSection(NestedProjects) = preSolution
		{AA07E64F-8C21-423F-AEF2-821CDEA4CD5B} = {AD19FBA3-D956-4D3E-963A-0670A6167C28}
		{50653703-77DC-4A32-B3A3-75037C014D70} = {1DF717E8-FE4E-4FCD-94B9-2265D697647F}
		{45CEC4E3-0F12-4160-8CC7-0854CC4D17DF} = {1DF717E8-FE4E-4FCD-94B9-2265D697647F}
		{1CC702D5-708F-4F5B-81B6-BEE41684A9C6} = {FB719498-2F32-4648-9532-DC2025013EC5}
		{7BC31AB5-4398-4DB0-9736-418AF22833F4} = {AA673E9C-4639-4B31-BAB6-3C6D16BACCDA}
	EndGlobalSection
EndGlobal
